# This file is automatically @generated by Cargo.
# It is not intended for manual editing.
version = 4

[[package]]
name = "trios-vsa-br-output"
version = "0.1.0"
dependencies = [
 "trios-vsa-vs00",
 "trios-vsa-vs01",
]

[[package]]
name = "trios-vsa-vs00"
version = "0.1.0"

[[package]]
name = "trios-vsa-vs01"
version = "0.1.0"
dependencies = [
 "trios-vsa-vs00",
]
