# This file is automatically @generated by Cargo.
# It is not intended for manual editing.
version = 4

[[package]]
name = "trios-golden-float-br-output"
version = "0.1.0"
dependencies = [
 "trios-golden-float-gf00",
 "trios-golden-float-gf01",
]

[[package]]
name = "trios-golden-float-gf00"
version = "0.1.0"

[[package]]
name = "trios-golden-float-gf01"
version = "0.1.0"
dependencies = [
 "trios-golden-float-gf00",
]
